
Microsoft Visual Studio Solution File, Format Version 12.00
# Visual Studio 14
VisualStudioVersion = 14.0.25420.1
MinimumVisualStudioVersion = 10.0.40219.1
Project("{2150E333-8FDC-42A3-9474-1A3956D46DE8}") = "Project.Common", "Project.Common", "{AAD94AAE-5605-4640-8079-3073FD570841}"
EndProject
Project("{2150E333-8FDC-42A3-9474-1A3956D46DE8}") = "Project.DAL", "Project.DAL", "{9D0279F8-E0C8-47FB-AEAF-B8047F2BDFC4}"
EndProject
Project("{2150E333-8FDC-42A3-9474-1A3956D46DE8}") = "Project.Model.Common", "Project.Model.Common", "{4EF72BC5-A896-498F-9786-D5E0BC65A54E}"
EndProject
Project("{2150E333-8FDC-42A3-9474-1A3956D46DE8}") = "Project.Model", "Project.Model", "{65CD357F-DC4A-4914-AA23-E31AB69DBFD6}"
EndProject
Project("{2150E333-8FDC-42A3-9474-1A3956D46DE8}") = "Project.Repository.Common", "Project.Repository.Common", "{619D80BC-D47B-4F07-AFDD-79B4776DF97A}"
EndProject
Project("{2150E333-8FDC-42A3-9474-1A3956D46DE8}") = "Project.Repository", "Project.Repository", "{C9DFEEE5-7048-483D-9582-55441062A874}"
EndProject
Project("{2150E333-8FDC-42A3-9474-1A3956D46DE8}") = "Project.Repository.Tests", "Project.Repository.Tests", "{7E58B9DA-5970-41FA-89A0-C13710421214}"
EndProject
Project("{2150E333-8FDC-42A3-9474-1A3956D46DE8}") = "Project.Service", "Project.Service", "{A3BD526B-5BAD-497F-8591-CD3A9418674B}"
EndProject
Project("{2150E333-8FDC-42A3-9474-1A3956D46DE8}") = "Project.Service.Common", "Project.Service.Common", "{34B070A2-D884-4A92-A3B4-F3A65C2250A3}"
EndProject
Project("{2150E333-8FDC-42A3-9474-1A3956D46DE8}") = "Project.Service.Tests", "Project.Service.Tests", "{C5C0A7CC-79B3-4AEE-9421-234BDF54AD9B}"
EndProject
Project("{2150E333-8FDC-42A3-9474-1A3956D46DE8}") = "Project.WebAPI, MVC", "Project.WebAPI, MVC", "{5B94D084-22BD-44E9-B66E-A14A25A3AB20}"
EndProject
Project("{2150E333-8FDC-42A3-9474-1A3956D46DE8}") = "Project.WebAPI, MVC.Tests", "Project.WebAPI, MVC.Tests", "{C5BB2D8A-0D1A-4CED-9C3A-C010832F288F}"
EndProject
Project("{FAE04EC0-301F-11D3-BF4B-00C04F79EFBC}") = "Project.Common", "Project.Common\Project.Common.csproj", "{5CAA7342-AA8F-4A63-8D06-39FEA08E4AB0}"
EndProject
Project("{FAE04EC0-301F-11D3-BF4B-00C04F79EFBC}") = "Project.DAL", "Project.DAL\Project.DAL.csproj", "{193A8E2B-126C-4B93-ADA6-6E0FCF93EB0B}"
EndProject
Project("{FAE04EC0-301F-11D3-BF4B-00C04F79EFBC}") = "Project.Model", "Project.Model\Project.Model.csproj", "{4DB9B415-3B90-4296-956A-5BCA57B3AF2C}"
EndProject
Project("{FAE04EC0-301F-11D3-BF4B-00C04F79EFBC}") = "Project.Model.Common", "Project.Model.Common\Project.Model.Common.csproj", "{C5EAC808-387D-448F-9613-CDEF37A4B780}"
EndProject
Project("{FAE04EC0-301F-11D3-BF4B-00C04F79EFBC}") = "Project.Repository", "Project.Repository\Project.Repository.csproj", "{BCD52679-BCB3-457F-BFE9-684F9C2C4890}"
EndProject
Project("{FAE04EC0-301F-11D3-BF4B-00C04F79EFBC}") = "Project.Repository.Common", "Project.Repository.Common\Project.Repository.Common.csproj", "{834C333F-83E2-4004-B1D8-876F82BB889E}"
EndProject
Project("{FAE04EC0-301F-11D3-BF4B-00C04F79EFBC}") = "Project.Repository.Tests", "Project.Repository.Tests\Project.Repository.Tests.csproj", "{84A72171-5321-46B4-B014-F34EDF606DEA}"
EndProject
Project("{FAE04EC0-301F-11D3-BF4B-00C04F79EFBC}") = "Project.Service", "Project.Service\Project.Service.csproj", "{0D926E93-6044-432F-A878-0D31108E74F6}"
EndProject
Project("{FAE04EC0-301F-11D3-BF4B-00C04F79EFBC}") = "Project.Service.Common", "Project.Service.Common\Project.Service.Common.csproj", "{A2CBEB16-8BDE-4863-9BEE-86EAA9CF3D0A}"
EndProject
Project("{FAE04EC0-301F-11D3-BF4B-00C04F79EFBC}") = "Project.Service.Tests", "Project.Service.Tests\Project.Service.Tests.csproj", "{3F6EFCD0-FA83-43EC-8647-2C1C5D2CE911}"
EndProject
Project("{FAE04EC0-301F-11D3-BF4B-00C04F79EFBC}") = "MVC", "MVC\MVC.csproj", "{544629B2-6239-4B38-9C89-C79B2A7A38B9}"
EndProject
Project("{2150E333-8FDC-42A3-9474-1A3956D46DE8}") = "Angular", "Angular", "{2DB9B597-7953-4CC1-BD3D-1B0C977573C1}"
EndProject
Project("{FAE04EC0-301F-11D3-BF4B-00C04F79EFBC}") = "AngularJS", "AngularJS\AngularJS.csproj", "{4EEF572F-D393-4918-81FA-5CAF312E191D}"
EndProject
Project("{FAE04EC0-301F-11D3-BF4B-00C04F79EFBC}") = "Project.WebAPI, MVC.Tests", "Project.WebAPI, MVC.Tests\Project.WebAPI, MVC.Tests.csproj", "{DE52B7F6-CF38-457D-BE99-A5442B0700AA}"
EndProject
Global
	GlobalSection(SolutionConfigurationPlatforms) = preSolution
		Debug|Any CPU = Debug|Any CPU
		Release|Any CPU = Release|Any CPU
	EndGlobalSection
	GlobalSection(ProjectConfigurationPlatforms) = postSolution
		{5CAA7342-AA8F-4A63-8D06-39FEA08E4AB0}.Debug|Any CPU.ActiveCfg = Debug|Any CPU
		{5CAA7342-AA8F-4A63-8D06-39FEA08E4AB0}.Debug|Any CPU.Build.0 = Debug|Any CPU
		{5CAA7342-AA8F-4A63-8D06-39FEA08E4AB0}.Release|Any CPU.ActiveCfg = Release|Any CPU
		{5CAA7342-AA8F-4A63-8D06-39FEA08E4AB0}.Release|Any CPU.Build.0 = Release|Any CPU
		{193A8E2B-126C-4B93-ADA6-6E0FCF93EB0B}.Debug|Any CPU.ActiveCfg = Debug|Any CPU
		{193A8E2B-126C-4B93-ADA6-6E0FCF93EB0B}.Debug|Any CPU.Build.0 = Debug|Any CPU
		{193A8E2B-126C-4B93-ADA6-6E0FCF93EB0B}.Release|Any CPU.ActiveCfg = Release|Any CPU
		{193A8E2B-126C-4B93-ADA6-6E0FCF93EB0B}.Release|Any CPU.Build.0 = Release|Any CPU
		{4DB9B415-3B90-4296-956A-5BCA57B3AF2C}.Debug|Any CPU.ActiveCfg = Debug|Any CPU
		{4DB9B415-3B90-4296-956A-5BCA57B3AF2C}.Debug|Any CPU.Build.0 = Debug|Any CPU
		{4DB9B415-3B90-4296-956A-5BCA57B3AF2C}.Release|Any CPU.ActiveCfg = Release|Any CPU
		{4DB9B415-3B90-4296-956A-5BCA57B3AF2C}.Release|Any CPU.Build.0 = Release|Any CPU
		{C5EAC808-387D-448F-9613-CDEF37A4B780}.Debug|Any CPU.ActiveCfg = Debug|Any CPU
		{C5EAC808-387D-448F-9613-CDEF37A4B780}.Debug|Any CPU.Build.0 = Debug|Any CPU
		{C5EAC808-387D-448F-9613-CDEF37A4B780}.Release|Any CPU.ActiveCfg = Release|Any CPU
		{C5EAC808-387D-448F-9613-CDEF37A4B780}.Release|Any CPU.Build.0 = Release|Any CPU
		{BCD52679-BCB3-457F-BFE9-684F9C2C4890}.Debug|Any CPU.ActiveCfg = Debug|Any CPU
		{BCD52679-BCB3-457F-BFE9-684F9C2C4890}.Debug|Any CPU.Build.0 = Debug|Any CPU
		{BCD52679-BCB3-457F-BFE9-684F9C2C4890}.Release|Any CPU.ActiveCfg = Release|Any CPU
		{BCD52679-BCB3-457F-BFE9-684F9C2C4890}.Release|Any CPU.Build.0 = Release|Any CPU
		{834C333F-83E2-4004-B1D8-876F82BB889E}.Debug|Any CPU.ActiveCfg = Debug|Any CPU
		{834C333F-83E2-4004-B1D8-876F82BB889E}.Debug|Any CPU.Build.0 = Debug|Any CPU
		{834C333F-83E2-4004-B1D8-876F82BB889E}.Release|Any CPU.ActiveCfg = Release|Any CPU
		{834C333F-83E2-4004-B1D8-876F82BB889E}.Release|Any CPU.Build.0 = Release|Any CPU
		{84A72171-5321-46B4-B014-F34EDF606DEA}.Debug|Any CPU.ActiveCfg = Debug|Any CPU
		{84A72171-5321-46B4-B014-F34EDF606DEA}.Debug|Any CPU.Build.0 = Debug|Any CPU
		{84A72171-5321-46B4-B014-F34EDF606DEA}.Release|Any CPU.ActiveCfg = Release|Any CPU
		{84A72171-5321-46B4-B014-F34EDF606DEA}.Release|Any CPU.Build.0 = Release|Any CPU
		{0D926E93-6044-432F-A878-0D31108E74F6}.Debug|Any CPU.ActiveCfg = Debug|Any CPU
		{0D926E93-6044-432F-A878-0D31108E74F6}.Debug|Any CPU.Build.0 = Debug|Any CPU
		{0D926E93-6044-432F-A878-0D31108E74F6}.Release|Any CPU.ActiveCfg = Release|Any CPU
		{0D926E93-6044-432F-A878-0D31108E74F6}.Release|Any CPU.Build.0 = Release|Any CPU
		{A2CBEB16-8BDE-4863-9BEE-86EAA9CF3D0A}.Debug|Any CPU.ActiveCfg = Debug|Any CPU
		{A2CBEB16-8BDE-4863-9BEE-86EAA9CF3D0A}.Debug|Any CPU.Build.0 = Debug|Any CPU
		{A2CBEB16-8BDE-4863-9BEE-86EAA9CF3D0A}.Release|Any CPU.ActiveCfg = Release|Any CPU
		{A2CBEB16-8BDE-4863-9BEE-86EAA9CF3D0A}.Release|Any CPU.Build.0 = Release|Any CPU
		{3F6EFCD0-FA83-43EC-8647-2C1C5D2CE911}.Debug|Any CPU.ActiveCfg = Debug|Any CPU
		{3F6EFCD0-FA83-43EC-8647-2C1C5D2CE911}.Debug|Any CPU.Build.0 = Debug|Any CPU
		{3F6EFCD0-FA83-43EC-8647-2C1C5D2CE911}.Release|Any CPU.ActiveCfg = Release|Any CPU
		{3F6EFCD0-FA83-43EC-8647-2C1C5D2CE911}.Release|Any CPU.Build.0 = Release|Any CPU
		{544629B2-6239-4B38-9C89-C79B2A7A38B9}.Debug|Any CPU.ActiveCfg = Debug|Any CPU
		{544629B2-6239-4B38-9C89-C79B2A7A38B9}.Debug|Any CPU.Build.0 = Debug|Any CPU
		{544629B2-6239-4B38-9C89-C79B2A7A38B9}.Release|Any CPU.ActiveCfg = Release|Any CPU
		{544629B2-6239-4B38-9C89-C79B2A7A38B9}.Release|Any CPU.Build.0 = Release|Any CPU
		{4EEF572F-D393-4918-81FA-5CAF312E191D}.Debug|Any CPU.ActiveCfg = Debug|Any CPU
		{4EEF572F-D393-4918-81FA-5CAF312E191D}.Debug|Any CPU.Build.0 = Debug|Any CPU
		{4EEF572F-D393-4918-81FA-5CAF312E191D}.Release|Any CPU.ActiveCfg = Release|Any CPU
		{4EEF572F-D393-4918-81FA-5CAF312E191D}.Release|Any CPU.Build.0 = Release|Any CPU
		{DE52B7F6-CF38-457D-BE99-A5442B0700AA}.Debug|Any CPU.ActiveCfg = Debug|Any CPU
		{DE52B7F6-CF38-457D-BE99-A5442B0700AA}.Debug|Any CPU.Build.0 = Debug|Any CPU
		{DE52B7F6-CF38-457D-BE99-A5442B0700AA}.Release|Any CPU.ActiveCfg = Release|Any CPU
		{DE52B7F6-CF38-457D-BE99-A5442B0700AA}.Release|Any CPU.Build.0 = Release|Any CPU
	EndGlobalSection
	GlobalSection(SolutionProperties) = preSolution
		HideSolutionNode = FALSE
	EndGlobalSection
	GlobalSection(NestedProjects) = preSolution
		{5B94D084-22BD-44E9-B66E-A14A25A3AB20} = {C5C0A7CC-79B3-4AEE-9421-234BDF54AD9B}
		{5CAA7342-AA8F-4A63-8D06-39FEA08E4AB0} = {AAD94AAE-5605-4640-8079-3073FD570841}
		{193A8E2B-126C-4B93-ADA6-6E0FCF93EB0B} = {9D0279F8-E0C8-47FB-AEAF-B8047F2BDFC4}
		{4DB9B415-3B90-4296-956A-5BCA57B3AF2C} = {65CD357F-DC4A-4914-AA23-E31AB69DBFD6}
		{C5EAC808-387D-448F-9613-CDEF37A4B780} = {4EF72BC5-A896-498F-9786-D5E0BC65A54E}
		{BCD52679-BCB3-457F-BFE9-684F9C2C4890} = {C9DFEEE5-7048-483D-9582-55441062A874}
		{834C333F-83E2-4004-B1D8-876F82BB889E} = {619D80BC-D47B-4F07-AFDD-79B4776DF97A}
		{84A72171-5321-46B4-B014-F34EDF606DEA} = {7E58B9DA-5970-41FA-89A0-C13710421214}
		{0D926E93-6044-432F-A878-0D31108E74F6} = {A3BD526B-5BAD-497F-8591-CD3A9418674B}
		{A2CBEB16-8BDE-4863-9BEE-86EAA9CF3D0A} = {34B070A2-D884-4A92-A3B4-F3A65C2250A3}
		{3F6EFCD0-FA83-43EC-8647-2C1C5D2CE911} = {C5C0A7CC-79B3-4AEE-9421-234BDF54AD9B}
		{544629B2-6239-4B38-9C89-C79B2A7A38B9} = {5B94D084-22BD-44E9-B66E-A14A25A3AB20}
		{4EEF572F-D393-4918-81FA-5CAF312E191D} = {2DB9B597-7953-4CC1-BD3D-1B0C977573C1}
		{DE52B7F6-CF38-457D-BE99-A5442B0700AA} = {C5BB2D8A-0D1A-4CED-9C3A-C010832F288F}
	EndGlobalSection
EndGlobal
